
Microsoft Visual Studio Solution File, Format Version 12.00
# Visual Studio Version 17
VisualStudioVersion = 17.13.35931.197 d17.13
MinimumVisualStudioVersion = 10.0.40219.1
Project("{FAE04EC0-301F-11D3-BF4B-00C04F79EFBC}") = "BasicsWithDBProject", "BasicsWithDBProject\BasicsWithDBProject.csproj", "{15CAC01C-92FE-4DEE-A9BA-7B0B76145568}"
EndProject
Global
	GlobalSection(SolutionConfigurationPlatforms) = preSolution
		Debug|Any CPU = Debug|Any CPU
		Release|Any CPU = Release|Any CPU
	EndGlobalSection
	GlobalSection(ProjectConfigurationPlatforms) = postSolution
		{15CAC01C-92FE-4DEE-A9BA-7B0B76145568}.Debug|Any CPU.ActiveCfg = Debug|Any CPU
		{15CAC01C-92FE-4DEE-A9BA-7B0B76145568}.Debug|Any CPU.Build.0 = Debug|Any CPU
		{15CAC01C-92FE-4DEE-A9BA-7B0B76145568}.Release|Any CPU.ActiveCfg = Release|Any CPU
		{15CAC01C-92FE-4DEE-A9BA-7B0B76145568}.Release|Any CPU.Build.0 = Release|Any CPU
	EndGlobalSection
	GlobalSection(SolutionProperties) = preSolution
		HideSolutionNode = FALSE
	EndGlobalSection
	GlobalSection(ExtensibilityGlobals) = postSolution
		SolutionGuid = {5422917D-3E81-492B-8BA8-6421305D5453}
	EndGlobalSection
EndGlobal
